
Microsoft Visual Studio Solution File, Format Version 12.00
# Visual Studio Version 16
VisualStudioVersion = 16.0.30621.155
MinimumVisualStudioVersion = 10.0.40219.1
Project("{FAE04EC0-301F-11D3-BF4B-00C04F79EFBC}") = "GitHubandVS", "GitHubandVS.csproj", "{D730598A-E517-49DE-B1B2-925D06A91BB6}"
EndProject
Global
	GlobalSection(SolutionConfigurationPlatforms) = preSolution
		Debug|Any CPU = Debug|Any CPU
		Release|Any CPU = Release|Any CPU
	EndGlobalSection
	GlobalSection(ProjectConfigurationPlatforms) = postSolution
		{D730598A-E517-49DE-B1B2-925D06A91BB6}.Debug|Any CPU.ActiveCfg = Debug|Any CPU
		{D730598A-E517-49DE-B1B2-925D06A91BB6}.Debug|Any CPU.Build.0 = Debug|Any CPU
		{D730598A-E517-49DE-B1B2-925D06A91BB6}.Release|Any CPU.ActiveCfg = Release|Any CPU
		{D730598A-E517-49DE-B1B2-925D06A91BB6}.Release|Any CPU.Build.0 = Release|Any CPU
	EndGlobalSection
	GlobalSection(SolutionProperties) = preSolution
		HideSolutionNode = FALSE
	EndGlobalSection
	GlobalSection(ExtensibilityGlobals) = postSolution
		SolutionGuid = {97379E06-93F9-43FD-82F4-451CF8F80AFE}
	EndGlobalSection
EndGlobal
